
Microsoft Visual Studio Solution File, Format Version 12.00
# Visual Studio 15
VisualStudioVersion = 15.0.27004.2006
MinimumVisualStudioVersion = 10.0.40219.1
Project("{8BC9CEB8-8B4A-11D0-8D11-00A0C91BC942}") = "基礎情報処理演習", "基礎情報処理演習.vcxproj", "{36ECB04D-5B83-4C57-8F7B-2CA871E82A76}"
EndProject
Global
	GlobalSection(SolutionConfigurationPlatforms) = preSolution
		Debug|x64 = Debug|x64
		Debug|x86 = Debug|x86
		Release|x64 = Release|x64
		Release|x86 = Release|x86
	EndGlobalSection
	GlobalSection(ProjectConfigurationPlatforms) = postSolution
		{36ECB04D-5B83-4C57-8F7B-2CA871E82A76}.Debug|x64.ActiveCfg = Debug|x64
		{36ECB04D-5B83-4C57-8F7B-2CA871E82A76}.Debug|x64.Build.0 = Debug|x64
		{36ECB04D-5B83-4C57-8F7B-2CA871E82A76}.Debug|x86.ActiveCfg = Debug|Win32
		{36ECB04D-5B83-4C57-8F7B-2CA871E82A76}.Debug|x86.Build.0 = Debug|Win32
		{36ECB04D-5B83-4C57-8F7B-2CA871E82A76}.Release|x64.ActiveCfg = Release|x64
		{36ECB04D-5B83-4C57-8F7B-2CA871E82A76}.Release|x64.Build.0 = Release|x64
		{36ECB04D-5B83-4C57-8F7B-2CA871E82A76}.Release|x86.ActiveCfg = Release|Win32
		{36ECB04D-5B83-4C57-8F7B-2CA871E82A76}.Release|x86.Build.0 = Release|Win32
	EndGlobalSection
	GlobalSection(SolutionProperties) = preSolution
		HideSolutionNode = FALSE
	EndGlobalSection
	GlobalSection(ExtensibilityGlobals) = postSolution
		SolutionGuid = {1E998E54-77AB-49B5-B0A2-DEA2F2E34D32}
	EndGlobalSection
EndGlobal
