<?xml version="1.0" encoding="utf-8"?>
<Project ToolsVersion="4.0" xmlns="http://schemas.microsoft.com/developer/msbuild/2003">
  <ItemGroup>
    <Filter Include="ソース ファイル">
      <UniqueIdentifier>{4FC737F1-C7A5-4376-A066-2A32D752A2FF}</UniqueIdentifier>
      <Extensions>cpp;c;cc;cxx;def;odl;idl;hpj;bat;asm;asmx</Extensions>
    </Filter>
    <Filter Include="ヘッダー ファイル">
      <UniqueIdentifier>{93995380-89BD-4b04-88EB-625FBE52EBFB}</UniqueIdentifier>
      <Extensions>h;hh;hpp;hxx;hm;inl;inc;xsd</Extensions>
    </Filter>
    <Filter Include="リソース ファイル">
      <UniqueIdentifier>{67DA6AB6-F800-4c08-8B7A-83BB121AAD01}</UniqueIdentifier>
      <Extensions>rc;ico;cur;bmp;dlg;rc2;rct;bin;rgs;gif;jpg;jpeg;jpe;resx;tiff;tif;png;wav;mfcribbon-ms</Extensions>
    </Filter>
    <Filter Include="ソース ファイル\第10回 配列">
      <UniqueIdentifier>{b09e3a91-73cf-44c4-a231-607e5b486fd8}</UniqueIdentifier>
    </Filter>
    <Filter Include="ソース ファイル\第08回 関数">
      <UniqueIdentifier>{268fffaa-4e53-4c58-a636-1df40f5cbc90}</UniqueIdentifier>
    </Filter>
    <Filter Include="ソース ファイル\第09回 配列">
      <UniqueIdentifier>{fed50d15-5fa0-4a0b-943a-d7408224ce2e}</UniqueIdentifier>
    </Filter>
    <Filter Include="ソース ファイル\第11回 ポインタ">
      <UniqueIdentifier>{949be17a-dc94-4b3f-b57e-e5a1d66433a0}</UniqueIdentifier>
    </Filter>
    <Filter Include="ソース ファイル\第12回 文字と入出力">
      <UniqueIdentifier>{ffc99ee1-6cc2-4fa4-a4f8-46e9a13a5a85}</UniqueIdentifier>
    </Filter>
  </ItemGroup>
  <ItemGroup>
    <ClCompile Include="kadai8.c">
      <Filter>ソース ファイル\第08回 関数</Filter>
    </ClCompile>
    <ClCompile Include="9_practice1.c">
      <Filter>ソース ファイル\第09回 配列</Filter>
    </ClCompile>
    <ClCompile Include="9_assignment.c">
      <Filter>ソース ファイル\第09回 配列</Filter>
    </ClCompile>
    <ClCompile Include="10_assignment1.c">
      <Filter>ソース ファイル\第10回 配列</Filter>
    </ClCompile>
    <ClCompile Include="10_assignment2.c">
      <Filter>ソース ファイル\第10回 配列</Filter>
    </ClCompile>
    <ClCompile Include="11_practice1.c">
      <Filter>ソース ファイル\第11回 ポインタ</Filter>
    </ClCompile>
    <ClCompile Include="11_assignment.c">
      <Filter>ソース ファイル\第11回 ポインタ</Filter>
    </ClCompile>
    <ClCompile Include="12_practice1.c">
      <Filter>ソース ファイル\第12回 文字と入出力</Filter>
    </ClCompile>
  </ItemGroup>
</Project>